
Microsoft Visual Studio Solution File, Format Version 12.00
# Visual Studio 15
VisualStudioVersion = 15.0.28307.102
MinimumVisualStudioVersion = 10.0.40219.1
Project("{888888A0-9F3D-457C-B088-3A5042F75D52}") = "Trading", "Trading\Trading.pyproj", "{67A22440-FB00-4095-AA65-785D525C2D09}"
EndProject
Global
	GlobalSection(SolutionConfigurationPlatforms) = preSolution
		Debug|Any CPU = Debug|Any CPU
		Release|Any CPU = Release|Any CPU
	EndGlobalSection
	GlobalSection(ProjectConfigurationPlatforms) = postSolution
		{67A22440-FB00-4095-AA65-785D525C2D09}.Debug|Any CPU.ActiveCfg = Debug|Any CPU
		{67A22440-FB00-4095-AA65-785D525C2D09}.Release|Any CPU.ActiveCfg = Release|Any CPU
	EndGlobalSection
	GlobalSection(SolutionProperties) = preSolution
		HideSolutionNode = FALSE
	EndGlobalSection
	GlobalSection(ExtensibilityGlobals) = postSolution
		SolutionGuid = {36A2239A-AD91-4AF8-9F4A-7360E56AAE58}
	EndGlobalSection
EndGlobal
